
Microsoft Visual Studio Solution File, Format Version 12.00
# Visual Studio 14
VisualStudioVersion = 14.0.22823.1
MinimumVisualStudioVersion = 10.0.40219.1
Project("{151D2E53-A2C4-4D7D-83FE-D05416EBD58E}") = "AzureResourceGroup2", "AzureResourceGroup2\AzureResourceGroup2.deployproj", "{EEE9C3BC-7BE6-4085-B021-FEA758A5A098}"
EndProject
Global
	GlobalSection(SolutionConfigurationPlatforms) = preSolution
		Debug|Any CPU = Debug|Any CPU
		Release|Any CPU = Release|Any CPU
	EndGlobalSection
	GlobalSection(ProjectConfigurationPlatforms) = postSolution
		{EEE9C3BC-7BE6-4085-B021-FEA758A5A098}.Debug|Any CPU.ActiveCfg = Debug|Any CPU
		{EEE9C3BC-7BE6-4085-B021-FEA758A5A098}.Debug|Any CPU.Build.0 = Debug|Any CPU
		{EEE9C3BC-7BE6-4085-B021-FEA758A5A098}.Release|Any CPU.ActiveCfg = Release|Any CPU
		{EEE9C3BC-7BE6-4085-B021-FEA758A5A098}.Release|Any CPU.Build.0 = Release|Any CPU
	EndGlobalSection
	GlobalSection(SolutionProperties) = preSolution
		HideSolutionNode = FALSE
	EndGlobalSection
EndGlobal
